{
  "name": "slothtool-monorepo",
  "version": "1.0.0",
  "lockfileVersion": 3,
  "requires": true,
  "packages": {
    "": {
      "name": "slothtool-monorepo",
      "version": "1.0.0",
      "license": "ISC",
      "workspaces": [
        "packages/*"
      ],
      "engines": {
        "node": ">=14.0.0"
      }
    },
    "node_modules/@slothtool/plugin-loc": {
      "resolved": "packages/plugin-loc",
      "link": true
    },
    "node_modules/slothtool": {
      "resolved": "packages/slothtool",
      "link": true
    },
    "packages/plugin-loc": {
      "name": "@slothtool/plugin-loc",
      "version": "1.0.0",
      "license": "ISC",
      "bin": {
        "loc": "bin/loc.js"
      }
    },
    "packages/slothtool": {
      "version": "1.0.0",
      "license": "ISC",
      "bin": {
        "slothtool": "bin/slothtool.js"
      }
    }
  }
}
